// !$*UTF8*$!
{
	archiveVersion = 1;
	classes = {
	};
	objectVersion = 56;
	objects = {

/* Begin PBXBuildFile section */
		25D41983298DF5F5000D6823 /* AppDelegate.swift in Sources */ = {isa = PBXBuildFile; fileRef = 25D41982298DF5F5000D6823 /* AppDelegate.swift */; };
		25D41985298DF5F5000D6823 /* SceneDelegate.swift in Sources */ = {isa = PBXBuildFile; fileRef = 25D41984298DF5F5000D6823 /* SceneDelegate.swift */; };
		25D41987298DF5F5000D6823 /* ViewController.swift in Sources */ = {isa = PBXBuildFile; fileRef = 25D41986298DF5F5000D6823 /* ViewController.swift */; };
		25D4198A298DF5F5000D6823 /* Main.storyboard in Resources */ = {isa = PBXBuildFile; fileRef = 25D41988298DF5F5000D6823 /* Main.storyboard */; };
		25D4198C298DF5F6000D6823 /* Assets.xcassets in Resources */ = {isa = PBXBuildFile; fileRef = 25D4198B298DF5F6000D6823 /* Assets.xcassets */; };
		25D4198F298DF5F6000D6823 /* LaunchScreen.storyboard in Resources */ = {isa = PBXBuildFile; fileRef = 25D4198D298DF5F6000D6823 /* LaunchScreen.storyboard */; };
		25D4199A298DF5F6000D6823 /* EvWatcherAppTests.swift in Sources */ = {isa = PBXBuildFile; fileRef = 25D41999298DF5F6000D6823 /* EvWatcherAppTests.swift */; };
		25D419A4298DF5F6000D6823 /* EvWatcherAppUITests.swift in Sources */ = {isa = PBXBuildFile; fileRef = 25D419A3298DF5F6000D6823 /* EvWatcherAppUITests.swift */; };
		25D419A6298DF5F6000D6823 /* EvWatcherAppUITestsLaunchTests.swift in Sources */ = {isa = PBXBuildFile; fileRef = 25D419A5298DF5F6000D6823 /* EvWatcherAppUITestsLaunchTests.swift */; };
/* End PBXBuildFile section */

/* Begin PBXContainerItemProxy section */
		25D41996298DF5F6000D6823 /* PBXContainerItemProxy */ = {
			isa = PBXContainerItemProxy;
			containerPortal = 25D41977298DF5F5000D6823 /* Project object */;
			proxyType = 1;
			remoteGlobalIDString = 25D4197E298DF5F5000D6823;
			remoteInfo = EvWatcherApp;
		};
		25D419A0298DF5F6000D6823 /* PBXContainerItemProxy */ = {
			isa = PBXContainerItemProxy;
			containerPortal = 25D41977298DF5F5000D6823 /* Project object */;
			proxyType = 1;
			remoteGlobalIDString = 25D4197E298DF5F5000D6823;
			remoteInfo = EvWatcherApp;
		};
/* End PBXContainerItemProxy section */

/* Begin PBXFileReference section */
		25D4197F298DF5F5000D6823 /* EvWatcherApp.app */ = {isa = PBXFileReference; explicitFileType = wrapper.application; includeInIndex = 0; path = EvWatcherApp.app; sourceTree = BUILT_PRODUCTS_DIR; };
		25D41982298DF5F5000D6823 /* AppDelegate.swift */ = {isa = PBXFileReference; lastKnownFileType = sourcecode.swift; path = AppDelegate.swift; sourceTree = "<group>"; };
		25D41984298DF5F5000D6823 /* SceneDelegate.swift */ = {isa = PBXFileReference; lastKnownFileType = sourcecode.swift; path = SceneDelegate.swift; sourceTree = "<group>"; };
		25D41986298DF5F5000D6823 /* ViewController.swift */ = {isa = PBXFileReference; lastKnownFileType = sourcecode.swift; path = ViewController.swift; sourceTree = "<group>"; };
		25D41989298DF5F5000D6823 /* Base */ = {isa = PBXFileReference; lastKnownFileType = file.storyboard; name = Base; path = Base.lproj/Main.storyboard; sourceTree = "<group>"; };
		25D4198B298DF5F6000D6823 /* Assets.xcassets */ = {isa = PBXFileReference; lastKnownFileType = folder.assetcatalog; path = Assets.xcassets; sourceTree = "<group>"; };
		25D4198E298DF5F6000D6823 /* Base */ = {isa = PBXFileReference; lastKnownFileType = file.storyboard; name = Base; path = Base.lproj/LaunchScreen.storyboard; sourceTree = "<group>"; };
		25D41990298DF5F6000D6823 /* Info.plist */ = {isa = PBXFileReference; lastKnownFileType = text.plist.xml; path = Info.plist; sourceTree = "<group>"; };
		25D41995298DF5F6000D6823 /* EvWatcherAppTests.xctest */ = {isa = PBXFileReference; explicitFileType = wrapper.cfbundle; includeInIndex = 0; path = EvWatcherAppTests.xctest; sourceTree = BUILT_PRODUCTS_DIR; };
		25D41999298DF5F6000D6823 /* EvWatcherAppTests.swift */ = {isa = PBXFileReference; lastKnownFileType = sourcecode.swift; path = EvWatcherAppTests.swift; sourceTree = "<group>"; };
		25D4199F298DF5F6000D6823 /* EvWatcherAppUITests.xctest */ = {isa = PBXFileReference; explicitFileType = wrapper.cfbundle; includeInIndex = 0; path = EvWatcherAppUITests.xctest; sourceTree = BUILT_PRODUCTS_DIR; };
		25D419A3298DF5F6000D6823 /* EvWatcherAppUITests.swift */ = {isa = PBXFileReference; lastKnownFileType = sourcecode.swift; path = EvWatcherAppUITests.swift; sourceTree = "<group>"; };
		25D419A5298DF5F6000D6823 /* EvWatcherAppUITestsLaunchTests.swift */ = {isa = PBXFileReference; lastKnownFileType = sourcecode.swift; path = EvWatcherAppUITestsLaunchTests.swift; sourceTree = "<group>"; };
/* End PBXFileReference section */

/* Begin PBXFrameworksBuildPhase section */
		25D4197C298DF5F5000D6823 /* Frameworks */ = {
			isa = PBXFrameworksBuildPhase;
			buildActionMask = 2147483647;
			files = (
			);
			runOnlyForDeploymentPostprocessing = 0;
		};
		25D41992298DF5F6000D6823 /* Frameworks */ = {
			isa = PBXFrameworksBuildPhase;
			buildActionMask = 2147483647;
			files = (
			);
			runOnlyForDeploymentPostprocessing = 0;
		};
		25D4199C298DF5F6000D6823 /* Frameworks */ = {
			isa = PBXFrameworksBuildPhase;
			buildActionMask = 2147483647;
			files = (
			);
			runOnlyForDeploymentPostprocessing = 0;
		};
/* End PBXFrameworksBuildPhase section */

/* Begin PBXGroup section */
		25D41976298DF5F5000D6823 = {
			isa = PBXGroup;
			children = (
				25D41981298DF5F5000D6823 /* EvWatcherApp */,
				25D41998298DF5F6000D6823 /* EvWatcherAppTests */,
				25D419A2298DF5F6000D6823 /* EvWatcherAppUITests */,
				25D41980298DF5F5000D6823 /* Products */,
			);
			sourceTree = "<group>";
		};
		25D41980298DF5F5000D6823 /* Products */ = {
			isa = PBXGroup;
			children = (
				25D4197F298DF5F5000D6823 /* EvWatcherApp.app */,
				25D41995298DF5F6000D6823 /* EvWatcherAppTests.xctest */,
				25D4199F298DF5F6000D6823 /* EvWatcherAppUITests.xctest */,
			);
			name = Products;
			sourceTree = "<group>";
		};
		25D41981298DF5F5000D6823 /* EvWatcherApp */ = {
			isa = PBXGroup;
			children = (
				25D41982298DF5F5000D6823 /* AppDelegate.swift */,
				25D41984298DF5F5000D6823 /* SceneDelegate.swift */,
				25D41986298DF5F5000D6823 /* ViewController.swift */,
				25D41988298DF5F5000D6823 /* Main.storyboard */,
				25D4198B298DF5F6000D6823 /* Assets.xcassets */,
				25D4198D298DF5F6000D6823 /* LaunchScreen.storyboard */,
				25D41990298DF5F6000D6823 /* Info.plist */,
			);
			path = EvWatcherApp;
			sourceTree = "<group>";
		};
		25D41998298DF5F6000D6823 /* EvWatcherAppTests */ = {
			isa = PBXGroup;
			children = (
				25D41999298DF5F6000D6823 /* EvWatcherAppTests.swift */,
			);
			path = EvWatcherAppTests;
			sourceTree = "<group>";
		};
		25D419A2298DF5F6000D6823 /* EvWatcherAppUITests */ = {
			isa = PBXGroup;
			children = (
				25D419A3298DF5F6000D6823 /* EvWatcherAppUITests.swift */,
				25D419A5298DF5F6000D6823 /* EvWatcherAppUITestsLaunchTests.swift */,
			);
			path = EvWatcherAppUITests;
			sourceTree = "<group>";
		};
/* End PBXGroup section */

/* Begin PBXNativeTarget section */
		25D4197E298DF5F5000D6823 /* EvWatcherApp */ = {
			isa = PBXNativeTarget;
			buildConfigurationList = 25D419A9298DF5F6000D6823 /* Build configuration list for PBXNativeTarget "EvWatcherApp" */;
			buildPhases = (
				25D4197B298DF5F5000D6823 /* Sources */,
				25D4197C298DF5F5000D6823 /* Frameworks */,
				25D4197D298DF5F5000D6823 /* Resources */,
			);
			buildRules = (
			);
			dependencies = (
			);
			name = EvWatcherApp;
			productName = EvWatcherApp;
			productReference = 25D4197F298DF5F5000D6823 /* EvWatcherApp.app */;
			productType = "com.apple.product-type.application";
		};
		25D41994298DF5F6000D6823 /* EvWatcherAppTests */ = {
			isa = PBXNativeTarget;
			buildConfigurationList = 25D419AC298DF5F6000D6823 /* Build configuration list for PBXNativeTarget "EvWatcherAppTests" */;
			buildPhases = (
				25D41991298DF5F6000D6823 /* Sources */,
				25D41992298DF5F6000D6823 /* Frameworks */,
				25D41993298DF5F6000D6823 /* Resources */,
			);
			buildRules = (
			);
			dependencies = (
				25D41997298DF5F6000D6823 /* PBXTargetDependency */,
			);
			name = EvWatcherAppTests;
			productName = EvWatcherAppTests;
			productReference = 25D41995298DF5F6000D6823 /* EvWatcherAppTests.xctest */;
			productType = "com.apple.product-type.bundle.unit-test";
		};
		25D4199E298DF5F6000D6823 /* EvWatcherAppUITests */ = {
			isa = PBXNativeTarget;
			buildConfigurationList = 25D419AF298DF5F6000D6823 /* Build configuration list for PBXNativeTarget "EvWatcherAppUITests" */;
			buildPhases = (
				25D4199B298DF5F6000D6823 /* Sources */,
				25D4199C298DF5F6000D6823 /* Frameworks */,
				25D4199D298DF5F6000D6823 /* Resources */,
			);
			buildRules = (
			);
			dependencies = (
				25D419A1298DF5F6000D6823 /* PBXTargetDependency */,
			);
			name = EvWatcherAppUITests;
			productName = EvWatcherAppUITests;
			productReference = 25D4199F298DF5F6000D6823 /* EvWatcherAppUITests.xctest */;
			productType = "com.apple.product-type.bundle.ui-testing";
		};
/* End PBXNativeTarget section */

/* Begin PBXProject section */
		25D41977298DF5F5000D6823 /* Project object */ = {
			isa = PBXProject;
			attributes = {
				BuildIndependentTargetsInParallel = 1;
				LastSwiftUpdateCheck = 1420;
				LastUpgradeCheck = 1420;
				TargetAttributes = {
					25D4197E298DF5F5000D6823 = {
						CreatedOnToolsVersion = 14.2;
					};
					25D41994298DF5F6000D6823 = {
						CreatedOnToolsVersion = 14.2;
						TestTargetID = 25D4197E298DF5F5000D6823;
					};
					25D4199E298DF5F6000D6823 = {
						CreatedOnToolsVersion = 14.2;
						TestTargetID = 25D4197E298DF5F5000D6823;
					};
				};
			};
			buildConfigurationList = 25D4197A298DF5F5000D6823 /* Build configuration list for PBXProject "EvWatcherApp" */;
			compatibilityVersion = "Xcode 14.0";
			developmentRegion = en;
			hasScannedForEncodings = 0;
			knownRegions = (
				en,
				Base,
			);
			mainGroup = 25D41976298DF5F5000D6823;
			productRefGroup = 25D41980298DF5F5000D6823 /* Products */;
			projectDirPath = "";
			projectRoot = "";
			targets = (
				25D4197E298DF5F5000D6823 /* EvWatcherApp */,
				25D41994298DF5F6000D6823 /* EvWatcherAppTests */,
				25D4199E298DF5F6000D6823 /* EvWatcherAppUITests */,
			);
		};
/* End PBXProject section */

/* Begin PBXResourcesBuildPhase section */
		25D4197D298DF5F5000D6823 /* Resources */ = {
			isa = PBXResourcesBuildPhase;
			buildActionMask = 2147483647;
			files = (
				25D4198F298DF5F6000D6823 /* LaunchScreen.storyboard in Resources */,
				25D4198C298DF5F6000D6823 /* Assets.xcassets in Resources */,
				25D4198A298DF5F5000D6823 /* Main.storyboard in Resources */,
			);
			runOnlyForDeploymentPostprocessing = 0;
		};
		25D41993298DF5F6000D6823 /* Resources */ = {
			isa = PBXResourcesBuildPhase;
			buildActionMask = 2147483647;
			files = (
			);
			runOnlyForDeploymentPostprocessing = 0;
		};
		25D4199D298DF5F6000D6823 /* Resources */ = {
			isa = PBXResourcesBuildPhase;
			buildActionMask = 2147483647;
			files = (
			);
			runOnlyForDeploymentPostprocessing = 0;
		};
/* End PBXResourcesBuildPhase section */

/* Begin PBXSourcesBuildPhase section */
		25D4197B298DF5F5000D6823 /* Sources */ = {
			isa = PBXSourcesBuildPhase;
			buildActionMask = 2147483647;
			files = (
				25D41987298DF5F5000D6823 /* ViewController.swift in Sources */,
				25D41983298DF5F5000D6823 /* AppDelegate.swift in Sources */,
				25D41985298DF5F5000D6823 /* SceneDelegate.swift in Sources */,
			);
			runOnlyForDeploymentPostprocessing = 0;
		};
		25D41991298DF5F6000D6823 /* Sources */ = {
			isa = PBXSourcesBuildPhase;
			buildActionMask = 2147483647;
			files = (
				25D4199A298DF5F6000D6823 /* EvWatcherAppTests.swift in Sources */,
			);
			runOnlyForDeploymentPostprocessing = 0;
		};
		25D4199B298DF5F6000D6823 /* Sources */ = {
			isa = PBXSourcesBuildPhase;
			buildActionMask = 2147483647;
			files = (
				25D419A6298DF5F6000D6823 /* EvWatcherAppUITestsLaunchTests.swift in Sources */,
				25D419A4298DF5F6000D6823 /* EvWatcherAppUITests.swift in Sources */,
			);
			runOnlyForDeploymentPostprocessing = 0;
		};
/* End PBXSourcesBuildPhase section */

/* Begin PBXTargetDependency section */
		25D41997298DF5F6000D6823 /* PBXTargetDependency */ = {
			isa = PBXTargetDependency;
			target = 25D4197E298DF5F5000D6823 /* EvWatcherApp */;
			targetProxy = 25D41996298DF5F6000D6823 /* PBXContainerItemProxy */;
		};
		25D419A1298DF5F6000D6823 /* PBXTargetDependency */ = {
			isa = PBXTargetDependency;
			target = 25D4197E298DF5F5000D6823 /* EvWatcherApp */;
			targetProxy = 25D419A0298DF5F6000D6823 /* PBXContainerItemProxy */;
		};
/* End PBXTargetDependency section */

/* Begin PBXVariantGroup section */
		25D41988298DF5F5000D6823 /* Main.storyboard */ = {
			isa = PBXVariantGroup;
			children = (
				25D41989298DF5F5000D6823 /* Base */,
			);
			name = Main.storyboard;
			sourceTree = "<group>";
		};
		25D4198D298DF5F6000D6823 /* LaunchScreen.storyboard */ = {
			isa = PBXVariantGroup;
			children = (
				25D4198E298DF5F6000D6823 /* Base */,
			);
			name = LaunchScreen.storyboard;
			sourceTree = "<group>";
		};
/* End PBXVariantGroup section */

/* Begin XCBuildConfiguration section */
		25D419A7298DF5F6000D6823 /* Debug */ = {
			isa = XCBuildConfiguration;
			buildSettings = {
				ALWAYS_SEARCH_USER_PATHS = NO;
				CLANG_ANALYZER_NONNULL = YES;
				CLANG_ANALYZER_NUMBER_OBJECT_CONVERSION = YES_AGGRESSIVE;
				CLANG_CXX_LANGUAGE_STANDARD = "gnu++20";
				CLANG_ENABLE_MODULES = YES;
				CLANG_ENABLE_OBJC_ARC = YES;
				CLANG_ENABLE_OBJC_WEAK = YES;
				CLANG_WARN_BLOCK_CAPTURE_AUTORELEASING = YES;
				CLANG_WARN_BOOL_CONVERSION = YES;
				CLANG_WARN_COMMA = YES;
				CLANG_WARN_CONSTANT_CONVERSION = YES;
				CLANG_WARN_DEPRECATED_OBJC_IMPLEMENTATIONS = YES;
				CLANG_WARN_DIRECT_OBJC_ISA_USAGE = YES_ERROR;
				CLANG_WARN_DOCUMENTATION_COMMENTS = YES;
				CLANG_WARN_EMPTY_BODY = YES;
				CLANG_WARN_ENUM_CONVERSION = YES;
				CLANG_WARN_INFINITE_RECURSION = YES;
				CLANG_WARN_INT_CONVERSION = YES;
				CLANG_WARN_NON_LITERAL_NULL_CONVERSION = YES;
				CLANG_WARN_OBJC_IMPLICIT_RETAIN_SELF = YES;
				CLANG_WARN_OBJC_LITERAL_CONVERSION = YES;
				CLANG_WARN_OBJC_ROOT_CLASS = YES_ERROR;
				CLANG_WARN_QUOTED_INCLUDE_IN_FRAMEWORK_HEADER = YES;
				CLANG_WARN_RANGE_LOOP_ANALYSIS = YES;
				CLANG_WARN_STRICT_PROTOTYPES = YES;
				CLANG_WARN_SUSPICIOUS_MOVE = YES;
				CLANG_WARN_UNGUARDED_AVAILABILITY = YES_AGGRESSIVE;
				CLANG_WARN_UNREACHABLE_CODE = YES;
				CLANG_WARN__DUPLICATE_METHOD_MATCH = YES;
				COPY_PHASE_STRIP = NO;
				DEBUG_INFORMATION_FORMAT = dwarf;
				ENABLE_STRICT_OBJC_MSGSEND = YES;
				ENABLE_TESTABILITY = YES;
				GCC_C_LANGUAGE_STANDARD = gnu11;
				GCC_DYNAMIC_NO_PIC = NO;
				GCC_NO_COMMON_BLOCKS = YES;
				GCC_OPTIMIZATION_LEVEL = 0;
				GCC_PREPROCESSOR_DEFINITIONS = (
					"DEBUG=1",
					"$(inherited)",
				);
				GCC_WARN_64_TO_32_BIT_CONVERSION = YES;
				GCC_WARN_ABOUT_RETURN_TYPE = YES_ERROR;
				GCC_WARN_UNDECLARED_SELECTOR = YES;
				GCC_WARN_UNINITIALIZED_AUTOS = YES_AGGRESSIVE;
				GCC_WARN_UNUSED_FUNCTION = YES;
				GCC_WARN_UNUSED_VARIABLE = YES;
				IPHONEOS_DEPLOYMENT_TARGET = 16.2;
				MTL_ENABLE_DEBUG_INFO = INCLUDE_SOURCE;
				MTL_FAST_MATH = YES;
				ONLY_ACTIVE_ARCH = YES;
				SDKROOT = iphoneos;
				SWIFT_ACTIVE_COMPILATION_CONDITIONS = DEBUG;
				SWIFT_OPTIMIZATION_LEVEL = "-Onone";
			};
			name = Debug;
		};
		25D419A8298DF5F6000D6823 /* Release */ = {
			isa = XCBuildConfiguration;
			buildSettings = {
				ALWAYS_SEARCH_USER_PATHS = NO;
				CLANG_ANALYZER_NONNULL = YES;
				CLANG_ANALYZER_NUMBER_OBJECT_CONVERSION = YES_AGGRESSIVE;
				CLANG_CXX_LANGUAGE_STANDARD = "gnu++20";
				CLANG_ENABLE_MODULES = YES;
				CLANG_ENABLE_OBJC_ARC = YES;
				CLANG_ENABLE_OBJC_WEAK = YES;
				CLANG_WARN_BLOCK_CAPTURE_AUTORELEASING = YES;
				CLANG_WARN_BOOL_CONVERSION = YES;
				CLANG_WARN_COMMA = YES;
				CLANG_WARN_CONSTANT_CONVERSION = YES;
				CLANG_WARN_DEPRECATED_OBJC_IMPLEMENTATIONS = YES;
				CLANG_WARN_DIRECT_OBJC_ISA_USAGE = YES_ERROR;
				CLANG_WARN_DOCUMENTATION_COMMENTS = YES;
				CLANG_WARN_EMPTY_BODY = YES;
				CLANG_WARN_ENUM_CONVERSION = YES;
				CLANG_WARN_INFINITE_RECURSION = YES;
				CLANG_WARN_INT_CONVERSION = YES;
				CLANG_WARN_NON_LITERAL_NULL_CONVERSION = YES;
				CLANG_WARN_OBJC_IMPLICIT_RETAIN_SELF = YES;
				CLANG_WARN_OBJC_LITERAL_CONVERSION = YES;
				CLANG_WARN_OBJC_ROOT_CLASS = YES_ERROR;
				CLANG_WARN_QUOTED_INCLUDE_IN_FRAMEWORK_HEADER = YES;
				CLANG_WARN_RANGE_LOOP_ANALYSIS = YES;
				CLANG_WARN_STRICT_PROTOTYPES = YES;
				CLANG_WARN_SUSPICIOUS_MOVE = YES;
				CLANG_WARN_UNGUARDED_AVAILABILITY = YES_AGGRESSIVE;
				CLANG_WARN_UNREACHABLE_CODE = YES;
				CLANG_WARN__DUPLICATE_METHOD_MATCH = YES;
				COPY_PHASE_STRIP = NO;
				DEBUG_INFORMATION_FORMAT = "dwarf-with-dsym";
				ENABLE_NS_ASSERTIONS = NO;
				ENABLE_STRICT_OBJC_MSGSEND = YES;
				GCC_C_LANGUAGE_STANDARD = gnu11;
				GCC_NO_COMMON_BLOCKS = YES;
				GCC_WARN_64_TO_32_BIT_CONVERSION = YES;
				GCC_WARN_ABOUT_RETURN_TYPE = YES_ERROR;
				GCC_WARN_UNDECLARED_SELECTOR = YES;
				GCC_WARN_UNINITIALIZED_AUTOS = YES_AGGRESSIVE;
				GCC_WARN_UNUSED_FUNCTION = YES;
				GCC_WARN_UNUSED_VARIABLE = YES;
				IPHONEOS_DEPLOYMENT_TARGET = 16.2;
				MTL_ENABLE_DEBUG_INFO = NO;
				MTL_FAST_MATH = YES;
				SDKROOT = iphoneos;
				SWIFT_COMPILATION_MODE = wholemodule;
				SWIFT_OPTIMIZATION_LEVEL = "-O";
				VALIDATE_PRODUCT = YES;
			};
			name = Release;
		};
		25D419AA298DF5F6000D6823 /* Debug */ = {
			isa = XCBuildConfiguration;
			buildSettings = {
				ASSETCATALOG_COMPILER_APPICON_NAME = AppIcon;
				ASSETCATALOG_COMPILER_GLOBAL_ACCENT_COLOR_NAME = AccentColor;
				CODE_SIGN_STYLE = Automatic;
				CURRENT_PROJECT_VERSION = 1;
				GENERATE_INFOPLIST_FILE = YES;
				INFOPLIST_FILE = EvWatcherApp/Info.plist;
				INFOPLIST_KEY_UIApplicationSupportsIndirectInputEvents = YES;
				INFOPLIST_KEY_UILaunchStoryboardName = LaunchScreen;
				INFOPLIST_KEY_UIMainStoryboardFile = Main;
				INFOPLIST_KEY_UISupportedInterfaceOrientations_iPad = "UIInterfaceOrientationPortrait UIInterfaceOrientationPortraitUpsideDown UIInterfaceOrientationLandscapeLeft UIInterfaceOrientationLandscapeRight";
				INFOPLIST_KEY_UISupportedInterfaceOrientations_iPhone = "UIInterfaceOrientationPortrait UIInterfaceOrientationLandscapeLeft UIInterfaceOrientationLandscapeRight";
				LD_RUNPATH_SEARCH_PATHS = (
					"$(inherited)",
					"@executable_path/Frameworks",
				);
				MARKETING_VERSION = 1.0;
				PRODUCT_BUNDLE_IDENTIFIER = sst.EvWatcherApp;
				PRODUCT_NAME = "$(TARGET_NAME)";
				SWIFT_EMIT_LOC_STRINGS = YES;
				SWIFT_VERSION = 5.0;
				TARGETED_DEVICE_FAMILY = "1,2";
			};
			name = Debug;
		};
		25D419AB298DF5F6000D6823 /* Release */ = {
			isa = XCBuildConfiguration;
			buildSettings = {
				ASSETCATALOG_COMPILER_APPICON_NAME = AppIcon;
				ASSETCATALOG_COMPILER_GLOBAL_ACCENT_COLOR_NAME = AccentColor;
				CODE_SIGN_STYLE = Automatic;
				CURRENT_PROJECT_VERSION = 1;
				GENERATE_INFOPLIST_FILE = YES;
				INFOPLIST_FILE = EvWatcherApp/Info.plist;
				INFOPLIST_KEY_UIApplicationSupportsIndirectInputEvents = YES;
				INFOPLIST_KEY_UILaunchStoryboardName = LaunchScreen;
				INFOPLIST_KEY_UIMainStoryboardFile = Main;
				INFOPLIST_KEY_UISupportedInterfaceOrientations_iPad = "UIInterfaceOrientationPortrait UIInterfaceOrientationPortraitUpsideDown UIInterfaceOrientationLandscapeLeft UIInterfaceOrientationLandscapeRight";
				INFOPLIST_KEY_UISupportedInterfaceOrientations_iPhone = "UIInterfaceOrientationPortrait UIInterfaceOrientationLandscapeLeft UIInterfaceOrientationLandscapeRight";
				LD_RUNPATH_SEARCH_PATHS = (
					"$(inherited)",
					"@executable_path/Frameworks",
				);
				MARKETING_VERSION = 1.0;
				PRODUCT_BUNDLE_IDENTIFIER = sst.EvWatcherApp;
				PRODUCT_NAME = "$(TARGET_NAME)";
				SWIFT_EMIT_LOC_STRINGS = YES;
				SWIFT_VERSION = 5.0;
				TARGETED_DEVICE_FAMILY = "1,2";
			};
			name = Release;
		};
		25D419AD298DF5F6000D6823 /* Debug */ = {
			isa = XCBuildConfiguration;
			buildSettings = {
				ALWAYS_EMBED_SWIFT_STANDARD_LIBRARIES = YES;
				BUNDLE_LOADER = "$(TEST_HOST)";
				CODE_SIGN_STYLE = Automatic;
				CURRENT_PROJECT_VERSION = 1;
				GENERATE_INFOPLIST_FILE = YES;
				IPHONEOS_DEPLOYMENT_TARGET = 16.2;
				MARKETING_VERSION = 1.0;
				PRODUCT_BUNDLE_IDENTIFIER = sst.EvWatcherAppTests;
				PRODUCT_NAME = "$(TARGET_NAME)";
				SWIFT_EMIT_LOC_STRINGS = NO;
				SWIFT_VERSION = 5.0;
				TARGETED_DEVICE_FAMILY = "1,2";
				TEST_HOST = "$(BUILT_PRODUCTS_DIR)/EvWatcherApp.app/$(BUNDLE_EXECUTABLE_FOLDER_PATH)/EvWatcherApp";
			};
			name = Debug;
		};
		25D419AE298DF5F6000D6823 /* Release */ = {
			isa = XCBuildConfiguration;
			buildSettings = {
				ALWAYS_EMBED_SWIFT_STANDARD_LIBRARIES = YES;
				BUNDLE_LOADER = "$(TEST_HOST)";
				CODE_SIGN_STYLE = Automatic;
				CURRENT_PROJECT_VERSION = 1;
				GENERATE_INFOPLIST_FILE = YES;
				IPHONEOS_DEPLOYMENT_TARGET = 16.2;
				MARKETING_VERSION = 1.0;
				PRODUCT_BUNDLE_IDENTIFIER = sst.EvWatcherAppTests;
				PRODUCT_NAME = "$(TARGET_NAME)";
				SWIFT_EMIT_LOC_STRINGS = NO;
				SWIFT_VERSION = 5.0;
				TARGETED_DEVICE_FAMILY = "1,2";
				TEST_HOST = "$(BUILT_PRODUCTS_DIR)/EvWatcherApp.app/$(BUNDLE_EXECUTABLE_FOLDER_PATH)/EvWatcherApp";
			};
			name = Release;
		};
		25D419B0298DF5F6000D6823 /* Debug */ = {
			isa = XCBuildConfiguration;
			buildSettings = {
				ALWAYS_EMBED_SWIFT_STANDARD_LIBRARIES = YES;
				CODE_SIGN_STYLE = Automatic;
				CURRENT_PROJECT_VERSION = 1;
				GENERATE_INFOPLIST_FILE = YES;
				MARKETING_VERSION = 1.0;
				PRODUCT_BUNDLE_IDENTIFIER = sst.EvWatcherAppUITests;
				PRODUCT_NAME = "$(TARGET_NAME)";
				SWIFT_EMIT_LOC_STRINGS = NO;
				SWIFT_VERSION = 5.0;
				TARGETED_DEVICE_FAMILY = "1,2";
				TEST_TARGET_NAME = EvWatcherApp;
			};
			name = Debug;
		};
		25D419B1298DF5F6000D6823 /* Release */ = {
			isa = XCBuildConfiguration;
			buildSettings = {
				ALWAYS_EMBED_SWIFT_STANDARD_LIBRARIES = YES;
				CODE_SIGN_STYLE = Automatic;
				CURRENT_PROJECT_VERSION = 1;
				GENERATE_INFOPLIST_FILE = YES;
				MARKETING_VERSION = 1.0;
				PRODUCT_BUNDLE_IDENTIFIER = sst.EvWatcherAppUITests;
				PRODUCT_NAME = "$(TARGET_NAME)";
				SWIFT_EMIT_LOC_STRINGS = NO;
				SWIFT_VERSION = 5.0;
				TARGETED_DEVICE_FAMILY = "1,2";
				TEST_TARGET_NAME = EvWatcherApp;
			};
			name = Release;
		};
/* End XCBuildConfiguration section */

/* Begin XCConfigurationList section */
		25D4197A298DF5F5000D6823 /* Build configuration list for PBXProject "EvWatcherApp" */ = {
			isa = XCConfigurationList;
			buildConfigurations = (
				25D419A7298DF5F6000D6823 /* Debug */,
				25D419A8298DF5F6000D6823 /* Release */,
			);
			defaultConfigurationIsVisible = 0;
			defaultConfigurationName = Release;
		};
		25D419A9298DF5F6000D6823 /* Build configuration list for PBXNativeTarget "EvWatcherApp" */ = {
			isa = XCConfigurationList;
			buildConfigurations = (
				25D419AA298DF5F6000D6823 /* Debug */,
				25D419AB298DF5F6000D6823 /* Release */,
			);
			defaultConfigurationIsVisible = 0;
			defaultConfigurationName = Release;
		};
		25D419AC298DF5F6000D6823 /* Build configuration list for PBXNativeTarget "EvWatcherAppTests" */ = {
			isa = XCConfigurationList;
			buildConfigurations = (
				25D419AD298DF5F6000D6823 /* Debug */,
				25D419AE298DF5F6000D6823 /* Release */,
			);
			defaultConfigurationIsVisible = 0;
			defaultConfigurationName = Release;
		};
		25D419AF298DF5F6000D6823 /* Build configuration list for PBXNativeTarget "EvWatcherAppUITests" */ = {
			isa = XCConfigurationList;
			buildConfigurations = (
				25D419B0298DF5F6000D6823 /* Debug */,
				25D419B1298DF5F6000D6823 /* Release */,
			);
			defaultConfigurationIsVisible = 0;
			defaultConfigurationName = Release;
		};
/* End XCConfigurationList section */
	};
	rootObject = 25D41977298DF5F5000D6823 /* Project object */;
}
